// !$*UTF8*$!
{
	archiveVersion = 1;
	classes = {
	};
	objectVersion = 46;
	objects = {

/* Begin PBXBuildFile section */
		3B9805741DB54224002CDD2D /* libRCTAppodeal.a in Frameworks */ = {isa = PBXBuildFile; fileRef = 3BBBA6971DB113060061CC60 /* libRCTAppodeal.a */; };
		3BBBA69C1DB113060061CC60 /* RCTAppodeal.m in Sources */ = {isa = PBXBuildFile; fileRef = 3BBBA69B1DB113060061CC60 /* RCTAppodeal.m */; };
		3BBBA69D1DB113060061CC60 /* RCTAppodeal.h in CopyFiles */ = {isa = PBXBuildFile; fileRef = 3BBBA69A1DB113060061CC60 /* RCTAppodeal.h */; };
/* End PBXBuildFile section */

/* Begin PBXCopyFilesBuildPhase section */
		3BBBA6951DB113060061CC60 /* CopyFiles */ = {
			isa = PBXCopyFilesBuildPhase;
			buildActionMask = 2147483647;
			dstPath = "include/$(PRODUCT_NAME)";
			dstSubfolderSpec = 16;
			files = (
				3BBBA69D1DB113060061CC60 /* RCTAppodeal.h in CopyFiles */,
			);
			runOnlyForDeploymentPostprocessing = 0;
		};
/* End PBXCopyFilesBuildPhase section */

/* Begin PBXFileReference section */
		3BBBA6971DB113060061CC60 /* libRCTAppodeal.a */ = {isa = PBXFileReference; explicitFileType = archive.ar; includeInIndex = 0; path = libRCTAppodeal.a; sourceTree = BUILT_PRODUCTS_DIR; };
		3BBBA69A1DB113060061CC60 /* RCTAppodeal.h */ = {isa = PBXFileReference; lastKnownFileType = sourcecode.c.h; path = RCTAppodeal.h; sourceTree = "<group>"; };
		3BBBA69B1DB113060061CC60 /* RCTAppodeal.m */ = {isa = PBXFileReference; lastKnownFileType = sourcecode.c.objc; path = RCTAppodeal.m; sourceTree = "<group>"; };
/* End PBXFileReference section */

/* Begin PBXFrameworksBuildPhase section */
		3BBBA6941DB113060061CC60 /* Frameworks */ = {
			isa = PBXFrameworksBuildPhase;
			buildActionMask = 2147483647;
			files = (
				3B9805741DB54224002CDD2D /* libRCTAppodeal.a in Frameworks */,
			);
			runOnlyForDeploymentPostprocessing = 0;
		};
/* End PBXFrameworksBuildPhase section */

/* Begin PBXGroup section */
		3BBBA68E1DB113060061CC60 = {
			isa = PBXGroup;
			children = (
				3BBBA6991DB113060061CC60 /* RCTAppodeal */,
				3BBBA6981DB113060061CC60 /* Products */,
			);
			sourceTree = "<group>";
		};
		3BBBA6981DB113060061CC60 /* Products */ = {
			isa = PBXGroup;
			children = (
				3BBBA6971DB113060061CC60 /* libRCTAppodeal.a */,
			);
			name = Products;
			sourceTree = "<group>";
		};
		3BBBA6991DB113060061CC60 /* RCTAppodeal */ = {
			isa = PBXGroup;
			children = (
				3BBBA69A1DB113060061CC60 /* RCTAppodeal.h */,
				3BBBA69B1DB113060061CC60 /* RCTAppodeal.m */,
			);
			path = RCTAppodeal;
			sourceTree = "<group>";
		};
/* End PBXGroup section */

/* Begin PBXNativeTarget section */
		3BBBA6961DB113060061CC60 /* RCTAppodeal */ = {
			isa = PBXNativeTarget;
			buildConfigurationList = 3BBBA6A01DB113060061CC60 /* Build configuration list for PBXNativeTarget "RCTAppodeal" */;
			buildPhases = (
				3BBBA6931DB113060061CC60 /* Sources */,
				3BBBA6941DB113060061CC60 /* Frameworks */,
				3BBBA6951DB113060061CC60 /* CopyFiles */,
			);
			buildRules = (
			);
			dependencies = (
			);
			name = RCTAppodeal;
			productName = RCTAppodeal;
			productReference = 3BBBA6971DB113060061CC60 /* libRCTAppodeal.a */;
			productType = "com.apple.product-type.library.static";
		};
/* End PBXNativeTarget section */

/* Begin PBXProject section */
		3BBBA68F1DB113060061CC60 /* Project object */ = {
			isa = PBXProject;
			attributes = {
				LastUpgradeCheck = 0800;
				ORGANIZATIONNAME = "Igor Knyazev";
				TargetAttributes = {
					3BBBA6961DB113060061CC60 = {
						CreatedOnToolsVersion = 8.0;
						DevelopmentTeam = 596W4P842G;
						ProvisioningStyle = Automatic;
					};
				};
			};
			buildConfigurationList = 3BBBA6921DB113060061CC60 /* Build configuration list for PBXProject "RCTAppodeal" */;
			compatibilityVersion = "Xcode 3.2";
			developmentRegion = English;
			hasScannedForEncodings = 0;
			knownRegions = (
				en,
			);
			mainGroup = 3BBBA68E1DB113060061CC60;
			productRefGroup = 3BBBA6981DB113060061CC60 /* Products */;
			projectDirPath = "";
			projectRoot = "";
			targets = (
				3BBBA6961DB113060061CC60 /* RCTAppodeal */,
			);
		};
/* End PBXProject section */

/* Begin PBXSourcesBuildPhase section */
		3BBBA6931DB113060061CC60 /* Sources */ = {
			isa = PBXSourcesBuildPhase;
			buildActionMask = 2147483647;
			files = (
				3BBBA69C1DB113060061CC60 /* RCTAppodeal.m in Sources */,
			);
			runOnlyForDeploymentPostprocessing = 0;
		};
/* End PBXSourcesBuildPhase section */

/* Begin XCBuildConfiguration section */
		3BBBA69E1DB113060061CC60 /* Debug */ = {
			isa = XCBuildConfiguration;
			buildSettings = {
				ALWAYS_SEARCH_USER_PATHS = NO;
				CLANG_ANALYZER_NONNULL = YES;
				CLANG_CXX_LANGUAGE_STANDARD = "gnu++0x";
				CLANG_CXX_LIBRARY = "libc++";
				CLANG_ENABLE_MODULES = YES;
				CLANG_ENABLE_OBJC_ARC = YES;
				CLANG_WARN_BOOL_CONVERSION = YES;
				CLANG_WARN_CONSTANT_CONVERSION = YES;
				CLANG_WARN_DIRECT_OBJC_ISA_USAGE = YES_ERROR;
				CLANG_WARN_DOCUMENTATION_COMMENTS = YES;
				CLANG_WARN_EMPTY_BODY = YES;
				CLANG_WARN_ENUM_CONVERSION = YES;
				CLANG_WARN_INFINITE_RECURSION = YES;
				CLANG_WARN_INT_CONVERSION = YES;
				CLANG_WARN_OBJC_ROOT_CLASS = YES_ERROR;
				CLANG_WARN_SUSPICIOUS_MOVES = YES;
				CLANG_WARN_UNREACHABLE_CODE = YES;
				CLANG_WARN__DUPLICATE_METHOD_MATCH = YES;
				"CODE_SIGN_IDENTITY[sdk=iphoneos*]" = "";
				COPY_PHASE_STRIP = NO;
				DEBUG_INFORMATION_FORMAT = dwarf;
				ENABLE_STRICT_OBJC_MSGSEND = YES;
				ENABLE_TESTABILITY = NO;
				GCC_C_LANGUAGE_STANDARD = gnu99;
				GCC_DYNAMIC_NO_PIC = NO;
				GCC_NO_COMMON_BLOCKS = YES;
				GCC_OPTIMIZATION_LEVEL = 0;
				GCC_PREPROCESSOR_DEFINITIONS = (
					"DEBUG=1",
					"$(inherited)",
				);
				GCC_WARN_64_TO_32_BIT_CONVERSION = YES;
				GCC_WARN_ABOUT_RETURN_TYPE = YES_ERROR;
				GCC_WARN_UNDECLARED_SELECTOR = YES;
				GCC_WARN_UNINITIALIZED_AUTOS = YES_AGGRESSIVE;
				GCC_WARN_UNUSED_FUNCTION = YES;
				GCC_WARN_UNUSED_VARIABLE = YES;
				IPHONEOS_DEPLOYMENT_TARGET = 10.0;
				MTL_ENABLE_DEBUG_INFO = YES;
				ONLY_ACTIVE_ARCH = YES;
				SDKROOT = iphoneos;
			};
			name = Debug;
		};
		3BBBA69F1DB113060061CC60 /* Release */ = {
			isa = XCBuildConfiguration;
			buildSettings = {
				ALWAYS_SEARCH_USER_PATHS = NO;
				CLANG_ANALYZER_NONNULL = YES;
				CLANG_CXX_LANGUAGE_STANDARD = "gnu++0x";
				CLANG_CXX_LIBRARY = "libc++";
				CLANG_ENABLE_MODULES = YES;
				CLANG_ENABLE_OBJC_ARC = YES;
				CLANG_WARN_BOOL_CONVERSION = YES;
				CLANG_WARN_CONSTANT_CONVERSION = YES;
				CLANG_WARN_DIRECT_OBJC_ISA_USAGE = YES_ERROR;
				CLANG_WARN_DOCUMENTATION_COMMENTS = YES;
				CLANG_WARN_EMPTY_BODY = YES;
				CLANG_WARN_ENUM_CONVERSION = YES;
				CLANG_WARN_INFINITE_RECURSION = YES;
				CLANG_WARN_INT_CONVERSION = YES;
				CLANG_WARN_OBJC_ROOT_CLASS = YES_ERROR;
				CLANG_WARN_SUSPICIOUS_MOVES = YES;
				CLANG_WARN_UNREACHABLE_CODE = YES;
				CLANG_WARN__DUPLICATE_METHOD_MATCH = YES;
				"CODE_SIGN_IDENTITY[sdk=iphoneos*]" = "";
				COPY_PHASE_STRIP = NO;
				DEBUG_INFORMATION_FORMAT = "dwarf-with-dsym";
				ENABLE_NS_ASSERTIONS = NO;
				ENABLE_STRICT_OBJC_MSGSEND = YES;
				GCC_C_LANGUAGE_STANDARD = gnu99;
				GCC_NO_COMMON_BLOCKS = YES;
				GCC_WARN_64_TO_32_BIT_CONVERSION = YES;
				GCC_WARN_ABOUT_RETURN_TYPE = YES_ERROR;
				GCC_WARN_UNDECLARED_SELECTOR = YES;
				GCC_WARN_UNINITIALIZED_AUTOS = YES_AGGRESSIVE;
				GCC_WARN_UNUSED_FUNCTION = YES;
				GCC_WARN_UNUSED_VARIABLE = YES;
				IPHONEOS_DEPLOYMENT_TARGET = 10.0;
				MTL_ENABLE_DEBUG_INFO = NO;
				SDKROOT = iphoneos;
				VALIDATE_PRODUCT = YES;
			};
			name = Release;
		};
		3BBBA6A11DB113060061CC60 /* Debug */ = {
			isa = XCBuildConfiguration;
			buildSettings = {
				DEVELOPMENT_TEAM = 596W4P842G;
				HEADER_SEARCH_PATHS = (
					"$(inherited)",
					/Applications/Xcode.app/Contents/Developer/Toolchains/XcodeDefault.xctoolchain/usr/include,
					"$(SRCROOT)/../../react-native/React/**",
				);
				OTHER_LDFLAGS = "-ObjC";
				PRODUCT_NAME = "$(TARGET_NAME)";
				SKIP_INSTALL = YES;
			};
			name = Debug;
		};
		3BBBA6A21DB113060061CC60 /* Release */ = {
			isa = XCBuildConfiguration;
			buildSettings = {
				DEVELOPMENT_TEAM = 596W4P842G;
				HEADER_SEARCH_PATHS = (
					"$(inherited)",
					/Applications/Xcode.app/Contents/Developer/Toolchains/XcodeDefault.xctoolchain/usr/include,
					"$(SRCROOT)/../../react-native/React/**",
				);
				OTHER_LDFLAGS = "-ObjC";
				PRODUCT_NAME = "$(TARGET_NAME)";
				SKIP_INSTALL = YES;
			};
			name = Release;
		};
/* End XCBuildConfiguration section */

/* Begin XCConfigurationList section */
		3BBBA6921DB113060061CC60 /* Build configuration list for PBXProject "RCTAppodeal" */ = {
			isa = XCConfigurationList;
			buildConfigurations = (
				3BBBA69E1DB113060061CC60 /* Debug */,
				3BBBA69F1DB113060061CC60 /* Release */,
			);
			defaultConfigurationIsVisible = 0;
			defaultConfigurationName = Release;
		};
		3BBBA6A01DB113060061CC60 /* Build configuration list for PBXNativeTarget "RCTAppodeal" */ = {
			isa = XCConfigurationList;
			buildConfigurations = (
				3BBBA6A11DB113060061CC60 /* Debug */,
				3BBBA6A21DB113060061CC60 /* Release */,
			);
			defaultConfigurationIsVisible = 0;
			defaultConfigurationName = Release;
		};
/* End XCConfigurationList section */
	};
	rootObject = 3BBBA68F1DB113060061CC60 /* Project object */;
}
